
Microsoft Visual Studio Solution File, Format Version 12.00
# Visual Studio Version 17
VisualStudioVersion = 17.7.34031.279
MinimumVisualStudioVersion = 10.0.40219.1
Project("{8BC9CEB8-8B4A-11D0-8D11-00A0C91BC942}") = "MBAACC-GetPatterns", "MBAACC-GetPatterns\MBAACC-GetPatterns.vcxproj", "{B42D7BF0-5AE9-412F-B4EA-144299AA17FF}"
EndProject
Global
	GlobalSection(SolutionConfigurationPlatforms) = preSolution
		Debug|x64 = Debug|x64
		Debug|x86 = Debug|x86
		Release|x64 = Release|x64
		Release|x86 = Release|x86
	EndGlobalSection
	GlobalSection(ProjectConfigurationPlatforms) = postSolution
		{B42D7BF0-5AE9-412F-B4EA-144299AA17FF}.Debug|x64.ActiveCfg = Debug|x64
		{B42D7BF0-5AE9-412F-B4EA-144299AA17FF}.Debug|x64.Build.0 = Debug|x64
		{B42D7BF0-5AE9-412F-B4EA-144299AA17FF}.Debug|x86.ActiveCfg = Debug|Win32
		{B42D7BF0-5AE9-412F-B4EA-144299AA17FF}.Debug|x86.Build.0 = Debug|Win32
		{B42D7BF0-5AE9-412F-B4EA-144299AA17FF}.Release|x64.ActiveCfg = Release|x64
		{B42D7BF0-5AE9-412F-B4EA-144299AA17FF}.Release|x64.Build.0 = Release|x64
		{B42D7BF0-5AE9-412F-B4EA-144299AA17FF}.Release|x86.ActiveCfg = Release|Win32
		{B42D7BF0-5AE9-412F-B4EA-144299AA17FF}.Release|x86.Build.0 = Release|Win32
	EndGlobalSection
	GlobalSection(SolutionProperties) = preSolution
		HideSolutionNode = FALSE
	EndGlobalSection
	GlobalSection(ExtensibilityGlobals) = postSolution
		SolutionGuid = {B23ECB78-5BDA-4EB8-8D27-998CC182AA27}
	EndGlobalSection
EndGlobal
